
Microsoft Visual Studio Solution File, Format Version 12.00
# Visual Studio 15
VisualStudioVersion = 15.0.28307.705
MinimumVisualStudioVersion = 10.0.40219.1
Project("{FAE04EC0-301F-11D3-BF4B-00C04F79EFBC}") = "FileFerry", "MainShell\FileFerry.csproj", "{7B95530F-DF22-48FD-8A67-41CF21860759}"
EndProject
Project("{FAE04EC0-301F-11D3-BF4B-00C04F79EFBC}") = "WpfUI", "WpfUI\WpfUI.csproj", "{AEE176DA-AD8C-4158-8A82-1ACECC464F56}"
EndProject
Project("{2150E333-8FDC-42A3-9474-1A3956D46DE8}") = "MainShell", "MainShell", "{AE5DEA37-8C40-42FD-9E17-0D23997790D4}"
EndProject
Project("{2150E333-8FDC-42A3-9474-1A3956D46DE8}") = "Framework", "Framework", "{5AFF42E5-7795-409E-9B0A-CF9E26A64CC4}"
EndProject
Project("{FAE04EC0-301F-11D3-BF4B-00C04F79EFBC}") = "WD.Library.Core", "Library.Core\WD.Library.Core.csproj", "{8245B199-D0BA-44A7-A6A2-0F87D89A4C81}"
EndProject
Project("{FAE04EC0-301F-11D3-BF4B-00C04F79EFBC}") = "WD.Library.Data", "Library.Data\WD.Library.Data.csproj", "{4313DE1E-738F-477D-B7FD-B237E9116670}"
EndProject
Project("{FAE04EC0-301F-11D3-BF4B-00C04F79EFBC}") = "WD.Library", "Library.Utils\WD.Library.csproj", "{4077B0B7-062A-4F6D-8A45-A180A2ED3215}"
EndProject
Project("{FAE04EC0-301F-11D3-BF4B-00C04F79EFBC}") = "Logger", "Logger\Logger.csproj", "{95B80824-5B4C-4F60-BFAB-C02EE28AC880}"
EndProject
Project("{FAE04EC0-301F-11D3-BF4B-00C04F79EFBC}") = "WD.CorePlugin", "CorePlugin\WD.CorePlugin.csproj", "{86C0776E-12AD-43EA-B213-0D5DFBE8C46A}"
EndProject
Project("{FAE04EC0-301F-11D3-BF4B-00C04F79EFBC}") = "WorkItem", "WorkItem\WorkItem.csproj", "{29F60AD4-CA3D-4DFA-B027-A8ADFC1B0AB4}"
EndProject
Project("{FAE04EC0-301F-11D3-BF4B-00C04F79EFBC}") = "MessageServer", "MessageServer\MessageServer.csproj", "{3FA0927F-2464-4C8F-A0FE-B9E65E150017}"
EndProject
Project("{FAE04EC0-301F-11D3-BF4B-00C04F79EFBC}") = "GFF.Component", "Ferry.Component\GFF.Component.csproj", "{2771C51E-5E0F-4501-8E58-99AD70027C58}"
EndProject
Project("{FAE04EC0-301F-11D3-BF4B-00C04F79EFBC}") = "GFF.Helper", "Ferry.Helper\GFF.Helper.csproj", "{9293B703-CFED-4072-93ED-65BAC837D1AE}"
EndProject
Project("{FAE04EC0-301F-11D3-BF4B-00C04F79EFBC}") = "GFF.Model", "Ferry.Model\GFF.Model.csproj", "{7E4F864A-AC23-49E5-A9DF-FD57BA1C58ED}"
EndProject
Project("{FAE04EC0-301F-11D3-BF4B-00C04F79EFBC}") = "GFFClient", "FerryClient\GFFClient.csproj", "{844B2A62-45B4-48C1-90D3-B8C563365DFD}"
EndProject
Project("{FAE04EC0-301F-11D3-BF4B-00C04F79EFBC}") = "GFFServer", "Ferry.Server\GFFServer.csproj", "{DAD5C70E-B99D-4AFD-9FC6-B82924C4E452}"
EndProject
Global
	GlobalSection(SolutionConfigurationPlatforms) = preSolution
		Debug|Any CPU = Debug|Any CPU
		Debug|x86 = Debug|x86
		DELUXEWORKSTEST|Any CPU = DELUXEWORKSTEST|Any CPU
		DELUXEWORKSTEST|x86 = DELUXEWORKSTEST|x86
		Release|Any CPU = Release|Any CPU
		Release|x86 = Release|x86
	EndGlobalSection
	GlobalSection(ProjectConfigurationPlatforms) = postSolution
		{7B95530F-DF22-48FD-8A67-41CF21860759}.Debug|Any CPU.ActiveCfg = Debug|Any CPU
		{7B95530F-DF22-48FD-8A67-41CF21860759}.Debug|Any CPU.Build.0 = Debug|Any CPU
		{7B95530F-DF22-48FD-8A67-41CF21860759}.Debug|x86.ActiveCfg = Debug|Any CPU
		{7B95530F-DF22-48FD-8A67-41CF21860759}.Debug|x86.Build.0 = Debug|Any CPU
		{7B95530F-DF22-48FD-8A67-41CF21860759}.DELUXEWORKSTEST|Any CPU.ActiveCfg = Debug|Any CPU
		{7B95530F-DF22-48FD-8A67-41CF21860759}.DELUXEWORKSTEST|Any CPU.Build.0 = Debug|Any CPU
		{7B95530F-DF22-48FD-8A67-41CF21860759}.DELUXEWORKSTEST|x86.ActiveCfg = Debug|Any CPU
		{7B95530F-DF22-48FD-8A67-41CF21860759}.DELUXEWORKSTEST|x86.Build.0 = Debug|Any CPU
		{7B95530F-DF22-48FD-8A67-41CF21860759}.Release|Any CPU.ActiveCfg = Release|Any CPU
		{7B95530F-DF22-48FD-8A67-41CF21860759}.Release|Any CPU.Build.0 = Release|Any CPU
		{7B95530F-DF22-48FD-8A67-41CF21860759}.Release|x86.ActiveCfg = Release|Any CPU
		{7B95530F-DF22-48FD-8A67-41CF21860759}.Release|x86.Build.0 = Release|Any CPU
		{AEE176DA-AD8C-4158-8A82-1ACECC464F56}.Debug|Any CPU.ActiveCfg = Debug|Any CPU
		{AEE176DA-AD8C-4158-8A82-1ACECC464F56}.Debug|Any CPU.Build.0 = Debug|Any CPU
		{AEE176DA-AD8C-4158-8A82-1ACECC464F56}.Debug|x86.ActiveCfg = Debug|Any CPU
		{AEE176DA-AD8C-4158-8A82-1ACECC464F56}.Debug|x86.Build.0 = Debug|Any CPU
		{AEE176DA-AD8C-4158-8A82-1ACECC464F56}.DELUXEWORKSTEST|Any CPU.ActiveCfg = Debug|Any CPU
		{AEE176DA-AD8C-4158-8A82-1ACECC464F56}.DELUXEWORKSTEST|Any CPU.Build.0 = Debug|Any CPU
		{AEE176DA-AD8C-4158-8A82-1ACECC464F56}.DELUXEWORKSTEST|x86.ActiveCfg = Debug|Any CPU
		{AEE176DA-AD8C-4158-8A82-1ACECC464F56}.DELUXEWORKSTEST|x86.Build.0 = Debug|Any CPU
		{AEE176DA-AD8C-4158-8A82-1ACECC464F56}.Release|Any CPU.ActiveCfg = Release|Any CPU
		{AEE176DA-AD8C-4158-8A82-1ACECC464F56}.Release|Any CPU.Build.0 = Release|Any CPU
		{AEE176DA-AD8C-4158-8A82-1ACECC464F56}.Release|x86.ActiveCfg = Release|Any CPU
		{AEE176DA-AD8C-4158-8A82-1ACECC464F56}.Release|x86.Build.0 = Release|Any CPU
		{8245B199-D0BA-44A7-A6A2-0F87D89A4C81}.Debug|Any CPU.ActiveCfg = Debug|Any CPU
		{8245B199-D0BA-44A7-A6A2-0F87D89A4C81}.Debug|Any CPU.Build.0 = Debug|Any CPU
		{8245B199-D0BA-44A7-A6A2-0F87D89A4C81}.Debug|x86.ActiveCfg = Debug|Any CPU
		{8245B199-D0BA-44A7-A6A2-0F87D89A4C81}.Debug|x86.Build.0 = Debug|Any CPU
		{8245B199-D0BA-44A7-A6A2-0F87D89A4C81}.DELUXEWORKSTEST|Any CPU.ActiveCfg = Debug|Any CPU
		{8245B199-D0BA-44A7-A6A2-0F87D89A4C81}.DELUXEWORKSTEST|Any CPU.Build.0 = Debug|Any CPU
		{8245B199-D0BA-44A7-A6A2-0F87D89A4C81}.DELUXEWORKSTEST|x86.ActiveCfg = Debug|Any CPU
		{8245B199-D0BA-44A7-A6A2-0F87D89A4C81}.DELUXEWORKSTEST|x86.Build.0 = Debug|Any CPU
		{8245B199-D0BA-44A7-A6A2-0F87D89A4C81}.Release|Any CPU.ActiveCfg = Release|Any CPU
		{8245B199-D0BA-44A7-A6A2-0F87D89A4C81}.Release|Any CPU.Build.0 = Release|Any CPU
		{8245B199-D0BA-44A7-A6A2-0F87D89A4C81}.Release|x86.ActiveCfg = Release|Any CPU
		{8245B199-D0BA-44A7-A6A2-0F87D89A4C81}.Release|x86.Build.0 = Release|Any CPU
		{4313DE1E-738F-477D-B7FD-B237E9116670}.Debug|Any CPU.ActiveCfg = Debug|Any CPU
		{4313DE1E-738F-477D-B7FD-B237E9116670}.Debug|Any CPU.Build.0 = Debug|Any CPU
		{4313DE1E-738F-477D-B7FD-B237E9116670}.Debug|x86.ActiveCfg = Debug|Any CPU
		{4313DE1E-738F-477D-B7FD-B237E9116670}.Debug|x86.Build.0 = Debug|Any CPU
		{4313DE1E-738F-477D-B7FD-B237E9116670}.DELUXEWORKSTEST|Any CPU.ActiveCfg = DELUXEWORKSTEST|Any CPU
		{4313DE1E-738F-477D-B7FD-B237E9116670}.DELUXEWORKSTEST|Any CPU.Build.0 = DELUXEWORKSTEST|Any CPU
		{4313DE1E-738F-477D-B7FD-B237E9116670}.DELUXEWORKSTEST|x86.ActiveCfg = DELUXEWORKSTEST|Any CPU
		{4313DE1E-738F-477D-B7FD-B237E9116670}.DELUXEWORKSTEST|x86.Build.0 = DELUXEWORKSTEST|Any CPU
		{4313DE1E-738F-477D-B7FD-B237E9116670}.Release|Any CPU.ActiveCfg = Release|Any CPU
		{4313DE1E-738F-477D-B7FD-B237E9116670}.Release|Any CPU.Build.0 = Release|Any CPU
		{4313DE1E-738F-477D-B7FD-B237E9116670}.Release|x86.ActiveCfg = Release|Any CPU
		{4313DE1E-738F-477D-B7FD-B237E9116670}.Release|x86.Build.0 = Release|Any CPU
		{4077B0B7-062A-4F6D-8A45-A180A2ED3215}.Debug|Any CPU.ActiveCfg = Debug|Any CPU
		{4077B0B7-062A-4F6D-8A45-A180A2ED3215}.Debug|Any CPU.Build.0 = Debug|Any CPU
		{4077B0B7-062A-4F6D-8A45-A180A2ED3215}.Debug|x86.ActiveCfg = Debug|Any CPU
		{4077B0B7-062A-4F6D-8A45-A180A2ED3215}.Debug|x86.Build.0 = Debug|Any CPU
		{4077B0B7-062A-4F6D-8A45-A180A2ED3215}.DELUXEWORKSTEST|Any CPU.ActiveCfg = DELUXEWORKSTEST|Any CPU
		{4077B0B7-062A-4F6D-8A45-A180A2ED3215}.DELUXEWORKSTEST|Any CPU.Build.0 = DELUXEWORKSTEST|Any CPU
		{4077B0B7-062A-4F6D-8A45-A180A2ED3215}.DELUXEWORKSTEST|x86.ActiveCfg = DELUXEWORKSTEST|Any CPU
		{4077B0B7-062A-4F6D-8A45-A180A2ED3215}.DELUXEWORKSTEST|x86.Build.0 = DELUXEWORKSTEST|Any CPU
		{4077B0B7-062A-4F6D-8A45-A180A2ED3215}.Release|Any CPU.ActiveCfg = Release|Any CPU
		{4077B0B7-062A-4F6D-8A45-A180A2ED3215}.Release|Any CPU.Build.0 = Release|Any CPU
		{4077B0B7-062A-4F6D-8A45-A180A2ED3215}.Release|x86.ActiveCfg = Release|Any CPU
		{4077B0B7-062A-4F6D-8A45-A180A2ED3215}.Release|x86.Build.0 = Release|Any CPU
		{95B80824-5B4C-4F60-BFAB-C02EE28AC880}.Debug|Any CPU.ActiveCfg = Debug|Any CPU
		{95B80824-5B4C-4F60-BFAB-C02EE28AC880}.Debug|Any CPU.Build.0 = Debug|Any CPU
		{95B80824-5B4C-4F60-BFAB-C02EE28AC880}.Debug|x86.ActiveCfg = Debug|x86
		{95B80824-5B4C-4F60-BFAB-C02EE28AC880}.Debug|x86.Build.0 = Debug|x86
		{95B80824-5B4C-4F60-BFAB-C02EE28AC880}.DELUXEWORKSTEST|Any CPU.ActiveCfg = Debug|Any CPU
		{95B80824-5B4C-4F60-BFAB-C02EE28AC880}.DELUXEWORKSTEST|Any CPU.Build.0 = Debug|Any CPU
		{95B80824-5B4C-4F60-BFAB-C02EE28AC880}.DELUXEWORKSTEST|x86.ActiveCfg = Debug|x86
		{95B80824-5B4C-4F60-BFAB-C02EE28AC880}.DELUXEWORKSTEST|x86.Build.0 = Debug|x86
		{95B80824-5B4C-4F60-BFAB-C02EE28AC880}.Release|Any CPU.ActiveCfg = Release|Any CPU
		{95B80824-5B4C-4F60-BFAB-C02EE28AC880}.Release|Any CPU.Build.0 = Release|Any CPU
		{95B80824-5B4C-4F60-BFAB-C02EE28AC880}.Release|x86.ActiveCfg = Release|x86
		{95B80824-5B4C-4F60-BFAB-C02EE28AC880}.Release|x86.Build.0 = Release|x86
		{86C0776E-12AD-43EA-B213-0D5DFBE8C46A}.Debug|Any CPU.ActiveCfg = Debug|Any CPU
		{86C0776E-12AD-43EA-B213-0D5DFBE8C46A}.Debug|Any CPU.Build.0 = Debug|Any CPU
		{86C0776E-12AD-43EA-B213-0D5DFBE8C46A}.Debug|x86.ActiveCfg = Debug|Any CPU
		{86C0776E-12AD-43EA-B213-0D5DFBE8C46A}.Debug|x86.Build.0 = Debug|Any CPU
		{86C0776E-12AD-43EA-B213-0D5DFBE8C46A}.DELUXEWORKSTEST|Any CPU.ActiveCfg = Debug|Any CPU
		{86C0776E-12AD-43EA-B213-0D5DFBE8C46A}.DELUXEWORKSTEST|Any CPU.Build.0 = Debug|Any CPU
		{86C0776E-12AD-43EA-B213-0D5DFBE8C46A}.DELUXEWORKSTEST|x86.ActiveCfg = Debug|Any CPU
		{86C0776E-12AD-43EA-B213-0D5DFBE8C46A}.DELUXEWORKSTEST|x86.Build.0 = Debug|Any CPU
		{86C0776E-12AD-43EA-B213-0D5DFBE8C46A}.Release|Any CPU.ActiveCfg = Release|Any CPU
		{86C0776E-12AD-43EA-B213-0D5DFBE8C46A}.Release|Any CPU.Build.0 = Release|Any CPU
		{86C0776E-12AD-43EA-B213-0D5DFBE8C46A}.Release|x86.ActiveCfg = Release|Any CPU
		{86C0776E-12AD-43EA-B213-0D5DFBE8C46A}.Release|x86.Build.0 = Release|Any CPU
		{29F60AD4-CA3D-4DFA-B027-A8ADFC1B0AB4}.Debug|Any CPU.ActiveCfg = Debug|Any CPU
		{29F60AD4-CA3D-4DFA-B027-A8ADFC1B0AB4}.Debug|Any CPU.Build.0 = Debug|Any CPU
		{29F60AD4-CA3D-4DFA-B027-A8ADFC1B0AB4}.Debug|x86.ActiveCfg = Debug|Any CPU
		{29F60AD4-CA3D-4DFA-B027-A8ADFC1B0AB4}.Debug|x86.Build.0 = Debug|Any CPU
		{29F60AD4-CA3D-4DFA-B027-A8ADFC1B0AB4}.DELUXEWORKSTEST|Any CPU.ActiveCfg = Debug|Any CPU
		{29F60AD4-CA3D-4DFA-B027-A8ADFC1B0AB4}.DELUXEWORKSTEST|Any CPU.Build.0 = Debug|Any CPU
		{29F60AD4-CA3D-4DFA-B027-A8ADFC1B0AB4}.DELUXEWORKSTEST|x86.ActiveCfg = Debug|Any CPU
		{29F60AD4-CA3D-4DFA-B027-A8ADFC1B0AB4}.DELUXEWORKSTEST|x86.Build.0 = Debug|Any CPU
		{29F60AD4-CA3D-4DFA-B027-A8ADFC1B0AB4}.Release|Any CPU.ActiveCfg = Release|Any CPU
		{29F60AD4-CA3D-4DFA-B027-A8ADFC1B0AB4}.Release|Any CPU.Build.0 = Release|Any CPU
		{29F60AD4-CA3D-4DFA-B027-A8ADFC1B0AB4}.Release|x86.ActiveCfg = Release|Any CPU
		{29F60AD4-CA3D-4DFA-B027-A8ADFC1B0AB4}.Release|x86.Build.0 = Release|Any CPU
		{3FA0927F-2464-4C8F-A0FE-B9E65E150017}.Debug|Any CPU.ActiveCfg = Debug|Any CPU
		{3FA0927F-2464-4C8F-A0FE-B9E65E150017}.Debug|Any CPU.Build.0 = Debug|Any CPU
		{3FA0927F-2464-4C8F-A0FE-B9E65E150017}.Debug|x86.ActiveCfg = Debug|Any CPU
		{3FA0927F-2464-4C8F-A0FE-B9E65E150017}.Debug|x86.Build.0 = Debug|Any CPU
		{3FA0927F-2464-4C8F-A0FE-B9E65E150017}.DELUXEWORKSTEST|Any CPU.ActiveCfg = Debug|Any CPU
		{3FA0927F-2464-4C8F-A0FE-B9E65E150017}.DELUXEWORKSTEST|Any CPU.Build.0 = Debug|Any CPU
		{3FA0927F-2464-4C8F-A0FE-B9E65E150017}.DELUXEWORKSTEST|x86.ActiveCfg = Debug|Any CPU
		{3FA0927F-2464-4C8F-A0FE-B9E65E150017}.DELUXEWORKSTEST|x86.Build.0 = Debug|Any CPU
		{3FA0927F-2464-4C8F-A0FE-B9E65E150017}.Release|Any CPU.ActiveCfg = Release|Any CPU
		{3FA0927F-2464-4C8F-A0FE-B9E65E150017}.Release|Any CPU.Build.0 = Release|Any CPU
		{3FA0927F-2464-4C8F-A0FE-B9E65E150017}.Release|x86.ActiveCfg = Release|Any CPU
		{3FA0927F-2464-4C8F-A0FE-B9E65E150017}.Release|x86.Build.0 = Release|Any CPU
		{2771C51E-5E0F-4501-8E58-99AD70027C58}.Debug|Any CPU.ActiveCfg = Debug|Any CPU
		{2771C51E-5E0F-4501-8E58-99AD70027C58}.Debug|Any CPU.Build.0 = Debug|Any CPU
		{2771C51E-5E0F-4501-8E58-99AD70027C58}.Debug|x86.ActiveCfg = Debug|Any CPU
		{2771C51E-5E0F-4501-8E58-99AD70027C58}.Debug|x86.Build.0 = Debug|Any CPU
		{2771C51E-5E0F-4501-8E58-99AD70027C58}.DELUXEWORKSTEST|Any CPU.ActiveCfg = Debug|Any CPU
		{2771C51E-5E0F-4501-8E58-99AD70027C58}.DELUXEWORKSTEST|Any CPU.Build.0 = Debug|Any CPU
		{2771C51E-5E0F-4501-8E58-99AD70027C58}.DELUXEWORKSTEST|x86.ActiveCfg = Debug|Any CPU
		{2771C51E-5E0F-4501-8E58-99AD70027C58}.DELUXEWORKSTEST|x86.Build.0 = Debug|Any CPU
		{2771C51E-5E0F-4501-8E58-99AD70027C58}.Release|Any CPU.ActiveCfg = Release|Any CPU
		{2771C51E-5E0F-4501-8E58-99AD70027C58}.Release|Any CPU.Build.0 = Release|Any CPU
		{2771C51E-5E0F-4501-8E58-99AD70027C58}.Release|x86.ActiveCfg = Release|Any CPU
		{2771C51E-5E0F-4501-8E58-99AD70027C58}.Release|x86.Build.0 = Release|Any CPU
		{9293B703-CFED-4072-93ED-65BAC837D1AE}.Debug|Any CPU.ActiveCfg = Debug|Any CPU
		{9293B703-CFED-4072-93ED-65BAC837D1AE}.Debug|Any CPU.Build.0 = Debug|Any CPU
		{9293B703-CFED-4072-93ED-65BAC837D1AE}.Debug|x86.ActiveCfg = Debug|Any CPU
		{9293B703-CFED-4072-93ED-65BAC837D1AE}.Debug|x86.Build.0 = Debug|Any CPU
		{9293B703-CFED-4072-93ED-65BAC837D1AE}.DELUXEWORKSTEST|Any CPU.ActiveCfg = Debug|Any CPU
		{9293B703-CFED-4072-93ED-65BAC837D1AE}.DELUXEWORKSTEST|Any CPU.Build.0 = Debug|Any CPU
		{9293B703-CFED-4072-93ED-65BAC837D1AE}.DELUXEWORKSTEST|x86.ActiveCfg = Debug|Any CPU
		{9293B703-CFED-4072-93ED-65BAC837D1AE}.DELUXEWORKSTEST|x86.Build.0 = Debug|Any CPU
		{9293B703-CFED-4072-93ED-65BAC837D1AE}.Release|Any CPU.ActiveCfg = Release|Any CPU
		{9293B703-CFED-4072-93ED-65BAC837D1AE}.Release|Any CPU.Build.0 = Release|Any CPU
		{9293B703-CFED-4072-93ED-65BAC837D1AE}.Release|x86.ActiveCfg = Release|Any CPU
		{9293B703-CFED-4072-93ED-65BAC837D1AE}.Release|x86.Build.0 = Release|Any CPU
		{7E4F864A-AC23-49E5-A9DF-FD57BA1C58ED}.Debug|Any CPU.ActiveCfg = Debug|Any CPU
		{7E4F864A-AC23-49E5-A9DF-FD57BA1C58ED}.Debug|Any CPU.Build.0 = Debug|Any CPU
		{7E4F864A-AC23-49E5-A9DF-FD57BA1C58ED}.Debug|x86.ActiveCfg = Debug|Any CPU
		{7E4F864A-AC23-49E5-A9DF-FD57BA1C58ED}.Debug|x86.Build.0 = Debug|Any CPU
		{7E4F864A-AC23-49E5-A9DF-FD57BA1C58ED}.DELUXEWORKSTEST|Any CPU.ActiveCfg = Debug|Any CPU
		{7E4F864A-AC23-49E5-A9DF-FD57BA1C58ED}.DELUXEWORKSTEST|Any CPU.Build.0 = Debug|Any CPU
		{7E4F864A-AC23-49E5-A9DF-FD57BA1C58ED}.DELUXEWORKSTEST|x86.ActiveCfg = Debug|Any CPU
		{7E4F864A-AC23-49E5-A9DF-FD57BA1C58ED}.DELUXEWORKSTEST|x86.Build.0 = Debug|Any CPU
		{7E4F864A-AC23-49E5-A9DF-FD57BA1C58ED}.Release|Any CPU.ActiveCfg = Release|Any CPU
		{7E4F864A-AC23-49E5-A9DF-FD57BA1C58ED}.Release|Any CPU.Build.0 = Release|Any CPU
		{7E4F864A-AC23-49E5-A9DF-FD57BA1C58ED}.Release|x86.ActiveCfg = Release|Any CPU
		{7E4F864A-AC23-49E5-A9DF-FD57BA1C58ED}.Release|x86.Build.0 = Release|Any CPU
		{844B2A62-45B4-48C1-90D3-B8C563365DFD}.Debug|Any CPU.ActiveCfg = Debug|Any CPU
		{844B2A62-45B4-48C1-90D3-B8C563365DFD}.Debug|Any CPU.Build.0 = Debug|Any CPU
		{844B2A62-45B4-48C1-90D3-B8C563365DFD}.Debug|x86.ActiveCfg = Debug|Any CPU
		{844B2A62-45B4-48C1-90D3-B8C563365DFD}.Debug|x86.Build.0 = Debug|Any CPU
		{844B2A62-45B4-48C1-90D3-B8C563365DFD}.DELUXEWORKSTEST|Any CPU.ActiveCfg = Debug|Any CPU
		{844B2A62-45B4-48C1-90D3-B8C563365DFD}.DELUXEWORKSTEST|Any CPU.Build.0 = Debug|Any CPU
		{844B2A62-45B4-48C1-90D3-B8C563365DFD}.DELUXEWORKSTEST|x86.ActiveCfg = Debug|Any CPU
		{844B2A62-45B4-48C1-90D3-B8C563365DFD}.DELUXEWORKSTEST|x86.Build.0 = Debug|Any CPU
		{844B2A62-45B4-48C1-90D3-B8C563365DFD}.Release|Any CPU.ActiveCfg = Release|Any CPU
		{844B2A62-45B4-48C1-90D3-B8C563365DFD}.Release|Any CPU.Build.0 = Release|Any CPU
		{844B2A62-45B4-48C1-90D3-B8C563365DFD}.Release|x86.ActiveCfg = Release|Any CPU
		{844B2A62-45B4-48C1-90D3-B8C563365DFD}.Release|x86.Build.0 = Release|Any CPU
		{DAD5C70E-B99D-4AFD-9FC6-B82924C4E452}.Debug|Any CPU.ActiveCfg = Debug|Any CPU
		{DAD5C70E-B99D-4AFD-9FC6-B82924C4E452}.Debug|Any CPU.Build.0 = Debug|Any CPU
		{DAD5C70E-B99D-4AFD-9FC6-B82924C4E452}.Debug|x86.ActiveCfg = Debug|Any CPU
		{DAD5C70E-B99D-4AFD-9FC6-B82924C4E452}.Debug|x86.Build.0 = Debug|Any CPU
		{DAD5C70E-B99D-4AFD-9FC6-B82924C4E452}.DELUXEWORKSTEST|Any CPU.ActiveCfg = Debug|Any CPU
		{DAD5C70E-B99D-4AFD-9FC6-B82924C4E452}.DELUXEWORKSTEST|Any CPU.Build.0 = Debug|Any CPU
		{DAD5C70E-B99D-4AFD-9FC6-B82924C4E452}.DELUXEWORKSTEST|x86.ActiveCfg = Debug|Any CPU
		{DAD5C70E-B99D-4AFD-9FC6-B82924C4E452}.DELUXEWORKSTEST|x86.Build.0 = Debug|Any CPU
		{DAD5C70E-B99D-4AFD-9FC6-B82924C4E452}.Release|Any CPU.ActiveCfg = Release|Any CPU
		{DAD5C70E-B99D-4AFD-9FC6-B82924C4E452}.Release|Any CPU.Build.0 = Release|Any CPU
		{DAD5C70E-B99D-4AFD-9FC6-B82924C4E452}.Release|x86.ActiveCfg = Release|Any CPU
		{DAD5C70E-B99D-4AFD-9FC6-B82924C4E452}.Release|x86.Build.0 = Release|Any CPU
	EndGlobalSection
	GlobalSection(SolutionProperties) = preSolution
		HideSolutionNode = FALSE
	EndGlobalSection
	GlobalSection(NestedProjects) = preSolution
		{7B95530F-DF22-48FD-8A67-41CF21860759} = {AE5DEA37-8C40-42FD-9E17-0D23997790D4}
		{AEE176DA-AD8C-4158-8A82-1ACECC464F56} = {AE5DEA37-8C40-42FD-9E17-0D23997790D4}
		{8245B199-D0BA-44A7-A6A2-0F87D89A4C81} = {5AFF42E5-7795-409E-9B0A-CF9E26A64CC4}
		{4313DE1E-738F-477D-B7FD-B237E9116670} = {5AFF42E5-7795-409E-9B0A-CF9E26A64CC4}
		{4077B0B7-062A-4F6D-8A45-A180A2ED3215} = {5AFF42E5-7795-409E-9B0A-CF9E26A64CC4}
		{95B80824-5B4C-4F60-BFAB-C02EE28AC880} = {5AFF42E5-7795-409E-9B0A-CF9E26A64CC4}
		{86C0776E-12AD-43EA-B213-0D5DFBE8C46A} = {5AFF42E5-7795-409E-9B0A-CF9E26A64CC4}
		{29F60AD4-CA3D-4DFA-B027-A8ADFC1B0AB4} = {5AFF42E5-7795-409E-9B0A-CF9E26A64CC4}
		{3FA0927F-2464-4C8F-A0FE-B9E65E150017} = {AE5DEA37-8C40-42FD-9E17-0D23997790D4}
		{2771C51E-5E0F-4501-8E58-99AD70027C58} = {AE5DEA37-8C40-42FD-9E17-0D23997790D4}
		{9293B703-CFED-4072-93ED-65BAC837D1AE} = {AE5DEA37-8C40-42FD-9E17-0D23997790D4}
		{7E4F864A-AC23-49E5-A9DF-FD57BA1C58ED} = {AE5DEA37-8C40-42FD-9E17-0D23997790D4}
		{844B2A62-45B4-48C1-90D3-B8C563365DFD} = {AE5DEA37-8C40-42FD-9E17-0D23997790D4}
		{DAD5C70E-B99D-4AFD-9FC6-B82924C4E452} = {AE5DEA37-8C40-42FD-9E17-0D23997790D4}
	EndGlobalSection
	GlobalSection(ExtensibilityGlobals) = postSolution
		SolutionGuid = {561AB89C-3212-44D7-B1F8-08F51B75EB72}
	EndGlobalSection
EndGlobal
